
Microsoft Visual Studio Solution File, Format Version 12.00
# Visual Studio Version 17
VisualStudioVersion = 17.1.32421.90
MinimumVisualStudioVersion = 10.0.40219.1
Project("{FAE04EC0-301F-11D3-BF4B-00C04F79EFBC}") = "LocadoraSys", "LocadoraSys\LocadoraSys.csproj", "{F0EDFAA3-60BC-483A-99F3-D5CBE41823ED}"
EndProject
Global
	GlobalSection(SolutionConfigurationPlatforms) = preSolution
		Debug|Any CPU = Debug|Any CPU
		Release|Any CPU = Release|Any CPU
	EndGlobalSection
	GlobalSection(ProjectConfigurationPlatforms) = postSolution
		{F0EDFAA3-60BC-483A-99F3-D5CBE41823ED}.Debug|Any CPU.ActiveCfg = Debug|Any CPU
		{F0EDFAA3-60BC-483A-99F3-D5CBE41823ED}.Debug|Any CPU.Build.0 = Debug|Any CPU
		{F0EDFAA3-60BC-483A-99F3-D5CBE41823ED}.Release|Any CPU.ActiveCfg = Release|Any CPU
		{F0EDFAA3-60BC-483A-99F3-D5CBE41823ED}.Release|Any CPU.Build.0 = Release|Any CPU
	EndGlobalSection
	GlobalSection(SolutionProperties) = preSolution
		HideSolutionNode = FALSE
	EndGlobalSection
	GlobalSection(ExtensibilityGlobals) = postSolution
		SolutionGuid = {BCF03157-CB16-4844-A97A-63FD7422FBDB}
	EndGlobalSection
EndGlobal
